
Microsoft Visual Studio Solution File, Format Version 12.00
Project("{2150E333-8FDC-42A3-9474-1A3956D46DE8}") = "tests", "tests", "{D274A9AF-B5AD-41AF-A786-89950E01EEFE}"
EndProject
Project("{2150E333-8FDC-42A3-9474-1A3956D46DE8}") = "src", "src", "{2F4DD450-035C-4752-81D4-0FD1ABF810F5}"
EndProject
Project("{2150E333-8FDC-42A3-9474-1A3956D46DE8}") = "docs", "docs", "{D88D26F6-D2AA-4C52-99C7-703146AEDC1E}"
ProjectSection(SolutionItems) = preProject
	README.md = README.md
	LICENSE = LICENSE
EndProjectSection
EndProject
Project("{FAE04EC0-301F-11D3-BF4B-00C04F79EFBC}") = "PropertyBasedTesting.Tests.Unit", "tests\PropertyBasedTesting.Tests.Unit\PropertyBasedTesting.Tests.Unit.csproj", "{0867D5B9-C35A-4728-93AA-6B0914490A82}"
EndProject
Project("{FAE04EC0-301F-11D3-BF4B-00C04F79EFBC}") = "PropertyBasedTesting.Domain", "src\PropertyBasedTesting.Domain\PropertyBasedTesting.Domain.csproj", "{D57C8AE0-BB61-45FC-8EBA-216DE02EEE06}"
EndProject
Global
	GlobalSection(SolutionConfigurationPlatforms) = preSolution
		Debug|Any CPU = Debug|Any CPU
		Release|Any CPU = Release|Any CPU
	EndGlobalSection
	GlobalSection(ProjectConfigurationPlatforms) = postSolution
		{0867D5B9-C35A-4728-93AA-6B0914490A82}.Debug|Any CPU.ActiveCfg = Debug|Any CPU
		{0867D5B9-C35A-4728-93AA-6B0914490A82}.Debug|Any CPU.Build.0 = Debug|Any CPU
		{0867D5B9-C35A-4728-93AA-6B0914490A82}.Release|Any CPU.ActiveCfg = Release|Any CPU
		{0867D5B9-C35A-4728-93AA-6B0914490A82}.Release|Any CPU.Build.0 = Release|Any CPU
		{D57C8AE0-BB61-45FC-8EBA-216DE02EEE06}.Debug|Any CPU.ActiveCfg = Debug|Any CPU
		{D57C8AE0-BB61-45FC-8EBA-216DE02EEE06}.Debug|Any CPU.Build.0 = Debug|Any CPU
		{D57C8AE0-BB61-45FC-8EBA-216DE02EEE06}.Release|Any CPU.ActiveCfg = Release|Any CPU
		{D57C8AE0-BB61-45FC-8EBA-216DE02EEE06}.Release|Any CPU.Build.0 = Release|Any CPU
	EndGlobalSection
	GlobalSection(NestedProjects) = preSolution
		{0867D5B9-C35A-4728-93AA-6B0914490A82} = {D274A9AF-B5AD-41AF-A786-89950E01EEFE}
		{D57C8AE0-BB61-45FC-8EBA-216DE02EEE06} = {2F4DD450-035C-4752-81D4-0FD1ABF810F5}
	EndGlobalSection
EndGlobal
